<Solution>
  <Project Path="src/Transports/SalesforcePubSub/WolverineFxContrib.SalesforcePubSub/WolverineFxContrib.SalesforcePubSub.csproj" />
  <Folder Name="/tests/">
    <Project Path="src/Transports/SalesforcePubSub/WolverineFxContrib.SalesforcePubSub.Tests/WolverineFxContrib.SalesforcePubSub.Tests.csproj" />
    <Project Path="src/Transports/SalesforcePubSub/WolverineFxContrib.SalesforcePubSub.IntegrationTests/WolverineFxContrib.SalesforcePubSub.IntegrationTests.csproj" />
  </Folder>
  <Folder Name="/testrunner/">
    <Project Path="src/Transports/SalesforcePubSub/TestHost/TestHost.csproj" />
    <Project Path="src/Transports/SalesforcePubSub/SqlReplay/SqlReplay.csproj" />
    <Project Path="src/Transports/SalesforcePubSub/Salesforce/Salesforce.csproj" />
  </Folder>
  <Folder Name="/.sln/">
    <File Path=".gitignore" />
    <File Path="CLAUDE.md" />
    <File Path="Directory.Build.props" />
    <File Path="LICENSE" />
    <File Path="README.md" />
  </Folder>
  <Folder Name="/.docs/">
    <File Path="docs/DECISIONS.md" />
  </Folder>
  <Folder Name="/.docs/org-setup/">
    <File Path="docs/org-setup/README.md" />
  </Folder>
  <Folder Name="/.docs/org-setup/bruno/">
    <File Path="docs/org-setup/bruno/01-verify-event-a.bru" />
    <File Path="docs/org-setup/bruno/02-verify-event-b.bru" />
    <File Path="docs/org-setup/bruno/03-verify-message-fields.bru" />
    <File Path="docs/org-setup/bruno/04-create-channel.bru" />
    <File Path="docs/org-setup/bruno/05-create-channel-member-a.bru" />
    <File Path="docs/org-setup/bruno/06-create-channel-member-b.bru" />
    <File Path="docs/org-setup/bruno/07-create-mes-event-a.bru" />
    <File Path="docs/org-setup/bruno/08-create-mes-channel.bru" />
    <File Path="docs/org-setup/bruno/09-verify-channel-and-members.bru" />
    <File Path="docs/org-setup/bruno/10-verify-mes.bru" />
    <File Path="docs/org-setup/bruno/bruno.json" />
    <File Path="docs/org-setup/bruno/environments/example.bru" />
  </Folder>
</Solution>
